
Microsoft Visual Studio Solution File, Format Version 12.00
# Visual Studio Version 17
VisualStudioVersion = 17.0.31903.59
MinimumVisualStudioVersion = 10.0.40219.1
Project("{FAE04EC0-301F-11D3-BF4B-00C04F79EFBC}") = "ConsoleAppTask5", "ConsoleAppTask5\ConsoleAppTask5.csproj", "{87019950-00AF-4FB7-B5DC-5D34CB041B52}"
EndProject
Global
	GlobalSection(SolutionConfigurationPlatforms) = preSolution
		Debug|Any CPU = Debug|Any CPU
		Release|Any CPU = Release|Any CPU
	EndGlobalSection
	GlobalSection(ProjectConfigurationPlatforms) = postSolution
		{87019950-00AF-4FB7-B5DC-5D34CB041B52}.Debug|Any CPU.ActiveCfg = Debug|Any CPU
		{87019950-00AF-4FB7-B5DC-5D34CB041B52}.Debug|Any CPU.Build.0 = Debug|Any CPU
		{87019950-00AF-4FB7-B5DC-5D34CB041B52}.Release|Any CPU.ActiveCfg = Release|Any CPU
		{87019950-00AF-4FB7-B5DC-5D34CB041B52}.Release|Any CPU.Build.0 = Release|Any CPU
	EndGlobalSection
	GlobalSection(SolutionProperties) = preSolution
		HideSolutionNode = FALSE
	EndGlobalSection
	GlobalSection(ExtensibilityGlobals) = postSolution
		SolutionGuid = {88DA9FF1-17DC-4F18-A061-07B28A2953C1}
	EndGlobalSection
EndGlobal
